
Microsoft Visual Studio Solution File, Format Version 12.00
# Visual Studio Version 17
VisualStudioVersion = 17.0.31903.59
MinimumVisualStudioVersion = 10.0.40219.1
Project("{2150E333-8FDC-42A3-9474-1A3956D46DE8}") = "src", "src", "{7E422216-7B20-4264-B1BD-B2EC42092B80}"
EndProject
Project("{FAE04EC0-301F-11D3-BF4B-00C04F79EFBC}") = "PgQuery.NET", "src\PgQuery.NET\PgQuery.NET.csproj", "{DD885A73-0B77-4B08-A0CE-D18632818C82}"
EndProject
Project("{2150E333-8FDC-42A3-9474-1A3956D46DE8}") = "tests", "tests", "{2793CE2A-E530-4A6A-BF59-0AA053121E76}"
EndProject
Project("{FAE04EC0-301F-11D3-BF4B-00C04F79EFBC}") = "PgQuery.NET.Tests", "tests\PgQuery.NET.Tests\PgQuery.NET.Tests.csproj", "{F16DE405-68B8-46D1-A0DC-F8BCB0254BEE}"
EndProject
Global
	GlobalSection(SolutionConfigurationPlatforms) = preSolution
		Debug|Any CPU = Debug|Any CPU
		Release|Any CPU = Release|Any CPU
	EndGlobalSection
	GlobalSection(SolutionProperties) = preSolution
		HideSolutionNode = FALSE
	EndGlobalSection
	GlobalSection(ProjectConfigurationPlatforms) = postSolution
		{DD885A73-0B77-4B08-A0CE-D18632818C82}.Debug|Any CPU.ActiveCfg = Debug|Any CPU
		{DD885A73-0B77-4B08-A0CE-D18632818C82}.Debug|Any CPU.Build.0 = Debug|Any CPU
		{DD885A73-0B77-4B08-A0CE-D18632818C82}.Release|Any CPU.ActiveCfg = Release|Any CPU
		{DD885A73-0B77-4B08-A0CE-D18632818C82}.Release|Any CPU.Build.0 = Release|Any CPU
		{F16DE405-68B8-46D1-A0DC-F8BCB0254BEE}.Debug|Any CPU.ActiveCfg = Debug|Any CPU
		{F16DE405-68B8-46D1-A0DC-F8BCB0254BEE}.Debug|Any CPU.Build.0 = Debug|Any CPU
		{F16DE405-68B8-46D1-A0DC-F8BCB0254BEE}.Release|Any CPU.ActiveCfg = Release|Any CPU
		{F16DE405-68B8-46D1-A0DC-F8BCB0254BEE}.Release|Any CPU.Build.0 = Release|Any CPU
	EndGlobalSection
	GlobalSection(NestedProjects) = preSolution
		{DD885A73-0B77-4B08-A0CE-D18632818C82} = {7E422216-7B20-4264-B1BD-B2EC42092B80}
		{F16DE405-68B8-46D1-A0DC-F8BCB0254BEE} = {2793CE2A-E530-4A6A-BF59-0AA053121E76}
	EndGlobalSection
EndGlobal
